
Microsoft Visual Studio Solution File, Format Version 12.00
# Visual Studio Version 17
VisualStudioVersion = 17.7.34221.43
MinimumVisualStudioVersion = 10.0.40219.1
Project("{FAE04EC0-301F-11D3-BF4B-00C04F79EFBC}") = "mayor_igual_a_100", "mayor_igual_a_100\mayor_igual_a_100.csproj", "{741026FF-F075-4987-B06F-571F22FFBE19}"
EndProject
Global
	GlobalSection(SolutionConfigurationPlatforms) = preSolution
		Debug|Any CPU = Debug|Any CPU
		Release|Any CPU = Release|Any CPU
	EndGlobalSection
	GlobalSection(ProjectConfigurationPlatforms) = postSolution
		{741026FF-F075-4987-B06F-571F22FFBE19}.Debug|Any CPU.ActiveCfg = Debug|Any CPU
		{741026FF-F075-4987-B06F-571F22FFBE19}.Debug|Any CPU.Build.0 = Debug|Any CPU
		{741026FF-F075-4987-B06F-571F22FFBE19}.Release|Any CPU.ActiveCfg = Release|Any CPU
		{741026FF-F075-4987-B06F-571F22FFBE19}.Release|Any CPU.Build.0 = Release|Any CPU
	EndGlobalSection
	GlobalSection(SolutionProperties) = preSolution
		HideSolutionNode = FALSE
	EndGlobalSection
	GlobalSection(ExtensibilityGlobals) = postSolution
		SolutionGuid = {251908B5-A0D5-4EFF-935B-88B086DA6E7F}
	EndGlobalSection
EndGlobal
